
Microsoft Visual Studio Solution File, Format Version 12.00
# Visual Studio Version 17
VisualStudioVersion = 17.0.31903.59
MinimumVisualStudioVersion = 10.0.40219.1
Project("{FAE04EC0-301F-11D3-BF4B-00C04F79EFBC}") = "LegacyInventory.Core", "LegacyInventory.Core\LegacyInventory.Core.csproj", "{3453B4D3-3FA5-4258-9FEC-CBCAA255371A}"
EndProject
Project("{FAE04EC0-301F-11D3-BF4B-00C04F79EFBC}") = "LegacyInventory.Web", "LegacyInventory.Web\LegacyInventory.Web.csproj", "{5DAA9ED6-76BC-4C9A-9FDD-ACE4FE787FFA}"
EndProject
Global
	GlobalSection(SolutionConfigurationPlatforms) = preSolution
		Debug|Any CPU = Debug|Any CPU
		Debug|x64 = Debug|x64
		Debug|x86 = Debug|x86
		Release|Any CPU = Release|Any CPU
		Release|x64 = Release|x64
		Release|x86 = Release|x86
	EndGlobalSection
	GlobalSection(ProjectConfigurationPlatforms) = postSolution
		{3453B4D3-3FA5-4258-9FEC-CBCAA255371A}.Debug|Any CPU.ActiveCfg = Debug|Any CPU
		{3453B4D3-3FA5-4258-9FEC-CBCAA255371A}.Debug|Any CPU.Build.0 = Debug|Any CPU
		{3453B4D3-3FA5-4258-9FEC-CBCAA255371A}.Debug|x64.ActiveCfg = Debug|Any CPU
		{3453B4D3-3FA5-4258-9FEC-CBCAA255371A}.Debug|x64.Build.0 = Debug|Any CPU
		{3453B4D3-3FA5-4258-9FEC-CBCAA255371A}.Debug|x86.ActiveCfg = Debug|Any CPU
		{3453B4D3-3FA5-4258-9FEC-CBCAA255371A}.Debug|x86.Build.0 = Debug|Any CPU
		{3453B4D3-3FA5-4258-9FEC-CBCAA255371A}.Release|Any CPU.ActiveCfg = Release|Any CPU
		{3453B4D3-3FA5-4258-9FEC-CBCAA255371A}.Release|Any CPU.Build.0 = Release|Any CPU
		{3453B4D3-3FA5-4258-9FEC-CBCAA255371A}.Release|x64.ActiveCfg = Release|Any CPU
		{3453B4D3-3FA5-4258-9FEC-CBCAA255371A}.Release|x64.Build.0 = Release|Any CPU
		{3453B4D3-3FA5-4258-9FEC-CBCAA255371A}.Release|x86.ActiveCfg = Release|Any CPU
		{3453B4D3-3FA5-4258-9FEC-CBCAA255371A}.Release|x86.Build.0 = Release|Any CPU
		{5DAA9ED6-76BC-4C9A-9FDD-ACE4FE787FFA}.Debug|Any CPU.ActiveCfg = Debug|Any CPU
		{5DAA9ED6-76BC-4C9A-9FDD-ACE4FE787FFA}.Debug|Any CPU.Build.0 = Debug|Any CPU
		{5DAA9ED6-76BC-4C9A-9FDD-ACE4FE787FFA}.Debug|x64.ActiveCfg = Debug|Any CPU
		{5DAA9ED6-76BC-4C9A-9FDD-ACE4FE787FFA}.Debug|x64.Build.0 = Debug|Any CPU
		{5DAA9ED6-76BC-4C9A-9FDD-ACE4FE787FFA}.Debug|x86.ActiveCfg = Debug|Any CPU
		{5DAA9ED6-76BC-4C9A-9FDD-ACE4FE787FFA}.Debug|x86.Build.0 = Debug|Any CPU
		{5DAA9ED6-76BC-4C9A-9FDD-ACE4FE787FFA}.Release|Any CPU.ActiveCfg = Release|Any CPU
		{5DAA9ED6-76BC-4C9A-9FDD-ACE4FE787FFA}.Release|Any CPU.Build.0 = Release|Any CPU
		{5DAA9ED6-76BC-4C9A-9FDD-ACE4FE787FFA}.Release|x64.ActiveCfg = Release|Any CPU
		{5DAA9ED6-76BC-4C9A-9FDD-ACE4FE787FFA}.Release|x64.Build.0 = Release|Any CPU
		{5DAA9ED6-76BC-4C9A-9FDD-ACE4FE787FFA}.Release|x86.ActiveCfg = Release|Any CPU
		{5DAA9ED6-76BC-4C9A-9FDD-ACE4FE787FFA}.Release|x86.Build.0 = Release|Any CPU
	EndGlobalSection
	GlobalSection(SolutionProperties) = preSolution
		HideSolutionNode = FALSE
	EndGlobalSection
EndGlobal
